
Microsoft Visual Studio Solution File, Format Version 12.00
# Visual Studio Version 16
VisualStudioVersion = 16.0.30413.136
MinimumVisualStudioVersion = 10.0.40219.1
Project("{9A19103F-16F7-4668-BE54-9A1E7A4F7556}") = "Albinaserv", "Albinaserv\Albinaserv.csproj", "{7B81A363-381A-4281-A5E4-9C7D9387365B}"
EndProject
Project("{2150E333-8FDC-42A3-9474-1A3956D46DE8}") = "Api", "Api", "{AFEDC62C-65DB-452E-84E3-BB4265374DB2}"
EndProject
Project("{2150E333-8FDC-42A3-9474-1A3956D46DE8}") = "BusinessLogic", "BusinessLogic", "{EB41799E-9832-400F-951B-E33D12B20462}"
EndProject
Project("{2150E333-8FDC-42A3-9474-1A3956D46DE8}") = "DataAccess", "DataAccess", "{2CFE22F5-EBD1-4352-B954-405BBCDC1889}"
EndProject
Project("{FAE04EC0-301F-11D3-BF4B-00C04F79EFBC}") = "Albina.Core", "Albina.Core\Albina.Core.csproj", "{B00C3354-6A67-4CC6-88F2-8A1F11C57284}"
EndProject
Project("{2150E333-8FDC-42A3-9474-1A3956D46DE8}") = "Shared", "Shared", "{D00325EB-6BBF-4441-BECA-0B011013A351}"
EndProject
Project("{FAE04EC0-301F-11D3-BF4B-00C04F79EFBC}") = "Shareds", "Share\Shareds.csproj", "{6728BAAE-D736-4B3B-87BD-F10E7F3E9CB4}"
EndProject
Project("{FAE04EC0-301F-11D3-BF4B-00C04F79EFBC}") = "Albina.DataAccess.Core", "Albin.DataAcess.Core\Albina.DataAccess.Core.csproj", "{B45A7DAB-8692-468E-B311-0A063DAC32A7}"
EndProject
Project("{FAE04EC0-301F-11D3-BF4B-00C04F79EFBC}") = "Albina.DataAccess", "Albin.sdsdf\Albina.DataAccess.csproj", "{378DE003-85CF-4599-89C2-5DFCC5159AE3}"
EndProject
Project("{FAE04EC0-301F-11D3-BF4B-00C04F79EFBC}") = "Albina.BuisnessLogic.Core", "dfdsfsdfsdf\Albina.BuisnessLogic.Core.csproj", "{EC8D0DE1-D556-4F96-8024-625A81B44EF5}"
EndProject
Project("{FAE04EC0-301F-11D3-BF4B-00C04F79EFBC}") = "Albina.BuisnessLogic", "dfsfds\Albina.BuisnessLogic.csproj", "{F58D9FE0-D88F-4B3E-BC7B-31618BF6EEE3}"
EndProject
Project("{FAE04EC0-301F-11D3-BF4B-00C04F79EFBC}") = "Aldf", "Aldf\Aldf.csproj", "{C3C2112F-EA2A-46D7-BCA1-4A4F5F7F9BB8}"
EndProject
Global
	GlobalSection(SolutionConfigurationPlatforms) = preSolution
		Debug|Any CPU = Debug|Any CPU
		Release|Any CPU = Release|Any CPU
	EndGlobalSection
	GlobalSection(ProjectConfigurationPlatforms) = postSolution
		{7B81A363-381A-4281-A5E4-9C7D9387365B}.Debug|Any CPU.ActiveCfg = Debug|Any CPU
		{7B81A363-381A-4281-A5E4-9C7D9387365B}.Debug|Any CPU.Build.0 = Debug|Any CPU
		{7B81A363-381A-4281-A5E4-9C7D9387365B}.Release|Any CPU.ActiveCfg = Release|Any CPU
		{7B81A363-381A-4281-A5E4-9C7D9387365B}.Release|Any CPU.Build.0 = Release|Any CPU
		{B00C3354-6A67-4CC6-88F2-8A1F11C57284}.Debug|Any CPU.ActiveCfg = Debug|Any CPU
		{B00C3354-6A67-4CC6-88F2-8A1F11C57284}.Debug|Any CPU.Build.0 = Debug|Any CPU
		{B00C3354-6A67-4CC6-88F2-8A1F11C57284}.Release|Any CPU.ActiveCfg = Release|Any CPU
		{B00C3354-6A67-4CC6-88F2-8A1F11C57284}.Release|Any CPU.Build.0 = Release|Any CPU
		{6728BAAE-D736-4B3B-87BD-F10E7F3E9CB4}.Debug|Any CPU.ActiveCfg = Debug|Any CPU
		{6728BAAE-D736-4B3B-87BD-F10E7F3E9CB4}.Debug|Any CPU.Build.0 = Debug|Any CPU
		{6728BAAE-D736-4B3B-87BD-F10E7F3E9CB4}.Release|Any CPU.ActiveCfg = Release|Any CPU
		{6728BAAE-D736-4B3B-87BD-F10E7F3E9CB4}.Release|Any CPU.Build.0 = Release|Any CPU
		{B45A7DAB-8692-468E-B311-0A063DAC32A7}.Debug|Any CPU.ActiveCfg = Debug|Any CPU
		{B45A7DAB-8692-468E-B311-0A063DAC32A7}.Debug|Any CPU.Build.0 = Debug|Any CPU
		{B45A7DAB-8692-468E-B311-0A063DAC32A7}.Release|Any CPU.ActiveCfg = Release|Any CPU
		{B45A7DAB-8692-468E-B311-0A063DAC32A7}.Release|Any CPU.Build.0 = Release|Any CPU
		{378DE003-85CF-4599-89C2-5DFCC5159AE3}.Debug|Any CPU.ActiveCfg = Debug|Any CPU
		{378DE003-85CF-4599-89C2-5DFCC5159AE3}.Debug|Any CPU.Build.0 = Debug|Any CPU
		{378DE003-85CF-4599-89C2-5DFCC5159AE3}.Release|Any CPU.ActiveCfg = Release|Any CPU
		{378DE003-85CF-4599-89C2-5DFCC5159AE3}.Release|Any CPU.Build.0 = Release|Any CPU
		{EC8D0DE1-D556-4F96-8024-625A81B44EF5}.Debug|Any CPU.ActiveCfg = Debug|Any CPU
		{EC8D0DE1-D556-4F96-8024-625A81B44EF5}.Debug|Any CPU.Build.0 = Debug|Any CPU
		{EC8D0DE1-D556-4F96-8024-625A81B44EF5}.Release|Any CPU.ActiveCfg = Release|Any CPU
		{EC8D0DE1-D556-4F96-8024-625A81B44EF5}.Release|Any CPU.Build.0 = Release|Any CPU
		{F58D9FE0-D88F-4B3E-BC7B-31618BF6EEE3}.Debug|Any CPU.ActiveCfg = Debug|Any CPU
		{F58D9FE0-D88F-4B3E-BC7B-31618BF6EEE3}.Debug|Any CPU.Build.0 = Debug|Any CPU
		{F58D9FE0-D88F-4B3E-BC7B-31618BF6EEE3}.Release|Any CPU.ActiveCfg = Release|Any CPU
		{F58D9FE0-D88F-4B3E-BC7B-31618BF6EEE3}.Release|Any CPU.Build.0 = Release|Any CPU
		{C3C2112F-EA2A-46D7-BCA1-4A4F5F7F9BB8}.Debug|Any CPU.ActiveCfg = Debug|Any CPU
		{C3C2112F-EA2A-46D7-BCA1-4A4F5F7F9BB8}.Debug|Any CPU.Build.0 = Debug|Any CPU
		{C3C2112F-EA2A-46D7-BCA1-4A4F5F7F9BB8}.Release|Any CPU.ActiveCfg = Release|Any CPU
		{C3C2112F-EA2A-46D7-BCA1-4A4F5F7F9BB8}.Release|Any CPU.Build.0 = Release|Any CPU
	EndGlobalSection
	GlobalSection(SolutionProperties) = preSolution
		HideSolutionNode = FALSE
	EndGlobalSection
	GlobalSection(NestedProjects) = preSolution
		{7B81A363-381A-4281-A5E4-9C7D9387365B} = {AFEDC62C-65DB-452E-84E3-BB4265374DB2}
		{B00C3354-6A67-4CC6-88F2-8A1F11C57284} = {AFEDC62C-65DB-452E-84E3-BB4265374DB2}
		{6728BAAE-D736-4B3B-87BD-F10E7F3E9CB4} = {D00325EB-6BBF-4441-BECA-0B011013A351}
		{B45A7DAB-8692-468E-B311-0A063DAC32A7} = {2CFE22F5-EBD1-4352-B954-405BBCDC1889}
		{378DE003-85CF-4599-89C2-5DFCC5159AE3} = {2CFE22F5-EBD1-4352-B954-405BBCDC1889}
		{EC8D0DE1-D556-4F96-8024-625A81B44EF5} = {EB41799E-9832-400F-951B-E33D12B20462}
		{F58D9FE0-D88F-4B3E-BC7B-31618BF6EEE3} = {EB41799E-9832-400F-951B-E33D12B20462}
		{C3C2112F-EA2A-46D7-BCA1-4A4F5F7F9BB8} = {AFEDC62C-65DB-452E-84E3-BB4265374DB2}
	EndGlobalSection
	GlobalSection(ExtensibilityGlobals) = postSolution
		SolutionGuid = {74DFFE76-48E5-4356-BFED-CFDF43B414CD}
	EndGlobalSection
EndGlobal
